
Microsoft Visual Studio Solution File, Format Version 12.00
# Visual Studio Version 17
VisualStudioVersion = 17.5.002.0
MinimumVisualStudioVersion = 10.0.40219.1
Project("{9A19103F-16F7-4668-BE54-9A1E7A4F7556}") = "reforco2", "reforco2.csproj", "{B9FF8CBF-3EF6-4932-B840-7E334B39A7FA}"
EndProject
Global
	GlobalSection(SolutionConfigurationPlatforms) = preSolution
		Debug|Any CPU = Debug|Any CPU
		Release|Any CPU = Release|Any CPU
	EndGlobalSection
	GlobalSection(ProjectConfigurationPlatforms) = postSolution
		{B9FF8CBF-3EF6-4932-B840-7E334B39A7FA}.Debug|Any CPU.ActiveCfg = Debug|Any CPU
		{B9FF8CBF-3EF6-4932-B840-7E334B39A7FA}.Debug|Any CPU.Build.0 = Debug|Any CPU
		{B9FF8CBF-3EF6-4932-B840-7E334B39A7FA}.Release|Any CPU.ActiveCfg = Release|Any CPU
		{B9FF8CBF-3EF6-4932-B840-7E334B39A7FA}.Release|Any CPU.Build.0 = Release|Any CPU
	EndGlobalSection
	GlobalSection(SolutionProperties) = preSolution
		HideSolutionNode = FALSE
	EndGlobalSection
	GlobalSection(ExtensibilityGlobals) = postSolution
		SolutionGuid = {810D687A-80B6-410A-970A-6F8DE73167DD}
	EndGlobalSection
EndGlobal
